{
  "version": 4,
  "terraform_version": "1.3.5",
  "serial": 53,
  "lineage": "dfc8c753-6891-749f-b618-f6747ab491b2",
  "outputs": {},
  "resources": [
    {
      "mode": "data",
      "type": "azurerm_public_ip",
      "name": "terra-ip-data",
      "provider": "provider[\"registry.terraform.io/hashicorp/azurerm\"]",
      "instances": [
        {
          "schema_version": 0,
          "attributes": {
            "allocation_method": "Dynamic",
            "domain_name_label": "",
            "fqdn": "",
            "id": "/subscriptions/5318fb40-710c-411c-bd3a-86387d128c27/resourceGroups/terra-rg/providers/Microsoft.Network/publicIPAddresses/terra-ip",
            "idle_timeout_in_minutes": 4,
            "ip_address": "20.89.130.214",
            "ip_tags": {},
            "ip_version": "IPv4",
            "location": "japaneast",
            "name": "terra-ip",
            "resource_group_name": "terra-rg",
            "reverse_fqdn": "",
            "sku": "Basic",
            "tags": {
              "environment": "dev"
            },
            "timeouts": null,
            "zones": []
          },
          "sensitive_attributes": []
        }
      ]
    },
    {
      "mode": "managed",
      "type": "azurerm_linux_virtual_machine",
      "name": "terra-vm01",
      "provider": "provider[\"registry.terraform.io/hashicorp/azurerm\"]",
      "instances": [
        {
          "schema_version": 0,
          "attributes": {
            "additional_capabilities": [],
            "admin_password": null,
            "admin_ssh_key": [
              {
                "public_key": "ssh-rsa AAAAB3NzaC1yc2EAAAADAQABAAABgQDV11vXrSzN94rFJqypb5krki6Hbx6TAwLCx+G70FsMR8avqdHd7a7FTTzjZdTRLZUPGf/oVjLbiTHA2BW3O/PTRw5OffaBTclUKhSKBiie2J1RYJb6PEbnMFnP8yPeE0SREAzOYHQofLVtAFt/bzUp1CksRNjflhN9QACITohRuvexvZcm4O6MyVTSQx8U1TCaBl3rwWeUzj5wEXK14MbARq518W3Jrh02f4q2ytyaFH+uBRxxXF+jbXnRG7s/wo6p9DZNsfxLqJUTMEHjmageLPGXJ9xlZShFAli9FBKMA+b4qi5q+ZtY8FZKm0tO2YmXgFdnm5W53z2VsNhODWA7rntMBJXwgtx0WBikfk6/8agTh61/jH7XOFP/yutBF2BBf7FsV/s6wQ7NVl1eF9wjiJ33GibdT5gxKNR27BGOyrbIpo9e7FsTEsyzlEFMbCpvzWecukX+uVJLvRveDLk+ZP1RHFN9W6MoPz99V1NzpWxMWi2jkyU/S8m3w3kuyDs= user@DESKTOP-K1O905T\r\n",
                "username": "adminuser"
              }
            ],
            "admin_username": "adminuser",
            "allow_extension_operations": true,
            "availability_set_id": "",
            "boot_diagnostics": [],
            "computer_name": "terra-vm01",
            "custom_data": "IyEvYmluL2Jhc2gNCnN1ZG8gYXB0LWdldCB1cGRhdGUgLXkgJiYNCnN1ZG8gYXB0LWdldCBpbnN0YWxsIC15IFwNCmFwdC10cmFuc3BvcnQtaHR0cHMgXA0KY2EtY2VydGlmaWNhdGVzIFwNCmN1cmwgXA0KZ251cGctYWdlbnQgXA0Kc29mdHdhcmUtcHJvcGVydGllcy1jb21tb24gJiYNCmN1cmwgLWZzU0wgaHR0cHM6Ly9kb3dubG9hZC5kb2NrZXIuY29tL2xpbnV4L3VidW50dS9ncGcgfCBzdWRvIGFwdC1rZXkgYWRkIC0gJiYNCnN1ZG8gYWRkLWFwdC1yZXBvc2l0b3J5ICJkZWIgW2FyY2g9YW1kNjRdIGh0dHBzOi8vZG93bmxvYWQuZG9ja2VyLmNvbS9saW51eC91YnVudHUgJChsc2JfcmVsZWFzZSAtY3MpIHN0YWJsZSIgJiYNCnN1ZG8gYXB0LWdldCB1cGRhdGUgLXkgJiYNCnN1ZG8gc3VkbyBhcHQtZ2V0IGluc3RhbGwgZG9ja2VyLWNlIGRvY2tlci1jZS1jbGkgY29udGFpbmVyZC5pbyAteSAmJg0Kc3VkbyB1c2VybW9kIC1hRyBkb2NrZXIgdWJ1bnR1",
            "dedicated_host_group_id": "",
            "dedicated_host_id": "",
            "disable_password_authentication": true,
            "edge_zone": "",
            "encryption_at_host_enabled": false,
            "eviction_policy": "",
            "extensions_time_budget": "PT1H30M",
            "id": "/subscriptions/5318fb40-710c-411c-bd3a-86387d128c27/resourceGroups/terra-rg/providers/Microsoft.Compute/virtualMachines/terra-vm01",
            "identity": [],
            "license_type": "",
            "location": "japaneast",
            "max_bid_price": -1,
            "name": "terra-vm01",
            "network_interface_ids": [
              "/subscriptions/5318fb40-710c-411c-bd3a-86387d128c27/resourceGroups/terra-rg/providers/Microsoft.Network/networkInterfaces/terra-nic"
            ],
            "os_disk": [
              {
                "caching": "ReadWrite",
                "diff_disk_settings": [],
                "disk_encryption_set_id": "",
                "disk_size_gb": 30,
                "name": "terra-vm01_OsDisk_1_06dc483c12334cc5aaca9de6ed2d729f",
                "storage_account_type": "Standard_LRS",
                "write_accelerator_enabled": false
              }
            ],
            "patch_mode": "ImageDefault",
            "plan": [],
            "platform_fault_domain": -1,
            "priority": "Regular",
            "private_ip_address": "10.123.1.4",
            "private_ip_addresses": [
              "10.123.1.4"
            ],
            "provision_vm_agent": true,
            "proximity_placement_group_id": "",
            "public_ip_address": "20.89.130.214",
            "public_ip_addresses": [
              "20.89.130.214"
            ],
            "resource_group_name": "terra-rg",
            "secret": [],
            "secure_boot_enabled": false,
            "size": "Standard_B1s",
            "source_image_id": "",
            "source_image_reference": [
              {
                "offer": "UbuntuServer",
                "publisher": "Canonical",
                "sku": "18.04-LTS",
                "version": "latest"
              }
            ],
            "tags": {
              "environment": "dev"
            },
            "termination_notification": [],
            "timeouts": null,
            "user_data": "",
            "virtual_machine_id": "5f978902-d3f8-4a26-b8f9-8c4e3e7edcde",
            "virtual_machine_scale_set_id": "",
            "vtpm_enabled": false,
            "zone": ""
          },
          "sensitive_attributes": [],
          "private": "eyJlMmJmYjczMC1lY2FhLTExZTYtOGY4OC0zNDM2M2JjN2M0YzAiOnsiY3JlYXRlIjoyNzAwMDAwMDAwMDAwLCJkZWxldGUiOjI3MDAwMDAwMDAwMDAsInJlYWQiOjMwMDAwMDAwMDAwMCwidXBkYXRlIjoyNzAwMDAwMDAwMDAwfX0=",
          "dependencies": [
            "azurerm_network_interface.terra-nic",
            "azurerm_public_ip.terra-ip",
            "azurerm_resource_group.terra-rg",
            "azurerm_subnet.terra-subnet",
            "azurerm_virtual_network.terra-vn"
          ]
        }
      ]
    },
    {
      "mode": "managed",
      "type": "azurerm_network_interface",
      "name": "terra-nic",
      "provider": "provider[\"registry.terraform.io/hashicorp/azurerm\"]",
      "instances": [
        {
          "schema_version": 0,
          "attributes": {
            "applied_dns_servers": [],
            "dns_servers": [],
            "edge_zone": "",
            "enable_accelerated_networking": false,
            "enable_ip_forwarding": false,
            "id": "/subscriptions/5318fb40-710c-411c-bd3a-86387d128c27/resourceGroups/terra-rg/providers/Microsoft.Network/networkInterfaces/terra-nic",
            "internal_dns_name_label": "",
            "internal_domain_name_suffix": "mkin0pr1qlvele3i3hiokkqncf.lx.internal.cloudapp.net",
            "ip_configuration": [
              {
                "gateway_load_balancer_frontend_ip_configuration_id": "",
                "name": "internal",
                "primary": true,
                "private_ip_address": "10.123.1.4",
                "private_ip_address_allocation": "Dynamic",
                "private_ip_address_version": "IPv4",
                "public_ip_address_id": "/subscriptions/5318fb40-710c-411c-bd3a-86387d128c27/resourceGroups/terra-rg/providers/Microsoft.Network/publicIPAddresses/terra-ip",
                "subnet_id": "/subscriptions/5318fb40-710c-411c-bd3a-86387d128c27/resourceGroups/terra-rg/providers/Microsoft.Network/virtualNetworks/terra-vn/subnets/terra-subnet"
              }
            ],
            "location": "japaneast",
            "mac_address": "60-45-BD-67-F1-A1",
            "name": "terra-nic",
            "private_ip_address": "10.123.1.4",
            "private_ip_addresses": [
              "10.123.1.4"
            ],
            "resource_group_name": "terra-rg",
            "tags": {
              "environment": "dev"
            },
            "timeouts": null,
            "virtual_machine_id": "/subscriptions/5318fb40-710c-411c-bd3a-86387d128c27/resourceGroups/terra-rg/providers/Microsoft.Compute/virtualMachines/terra-vm01"
          },
          "sensitive_attributes": [],
          "private": "eyJlMmJmYjczMC1lY2FhLTExZTYtOGY4OC0zNDM2M2JjN2M0YzAiOnsiY3JlYXRlIjoxODAwMDAwMDAwMDAwLCJkZWxldGUiOjE4MDAwMDAwMDAwMDAsInJlYWQiOjMwMDAwMDAwMDAwMCwidXBkYXRlIjoxODAwMDAwMDAwMDAwfX0=",
          "dependencies": [
            "azurerm_public_ip.terra-ip",
            "azurerm_resource_group.terra-rg",
            "azurerm_subnet.terra-subnet",
            "azurerm_virtual_network.terra-vn"
          ]
        }
      ]
    },
    {
      "mode": "managed",
      "type": "azurerm_network_security_group",
      "name": "terra-sg",
      "provider": "provider[\"registry.terraform.io/hashicorp/azurerm\"]",
      "instances": [
        {
          "schema_version": 0,
          "attributes": {
            "id": "/subscriptions/5318fb40-710c-411c-bd3a-86387d128c27/resourceGroups/terra-rg/providers/Microsoft.Network/networkSecurityGroups/terra-sg",
            "location": "japaneast",
            "name": "terra-sg",
            "resource_group_name": "terra-rg",
            "security_rule": [
              {
                "access": "Allow",
                "description": "",
                "destination_address_prefix": "*",
                "destination_address_prefixes": [],
                "destination_application_security_group_ids": [],
                "destination_port_range": "*",
                "destination_port_ranges": [],
                "direction": "Inbound",
                "name": "terra-dev-rule",
                "priority": 100,
                "protocol": "Tcp",
                "source_address_prefix": "*",
                "source_address_prefixes": [],
                "source_application_security_group_ids": [],
                "source_port_range": "*",
                "source_port_ranges": []
              }
            ],
            "tags": {
              "environment": "dev"
            },
            "timeouts": null
          },
          "sensitive_attributes": [],
          "private": "eyJlMmJmYjczMC1lY2FhLTExZTYtOGY4OC0zNDM2M2JjN2M0YzAiOnsiY3JlYXRlIjoxODAwMDAwMDAwMDAwLCJkZWxldGUiOjE4MDAwMDAwMDAwMDAsInJlYWQiOjMwMDAwMDAwMDAwMCwidXBkYXRlIjoxODAwMDAwMDAwMDAwfX0=",
          "dependencies": [
            "azurerm_resource_group.terra-rg"
          ]
        }
      ]
    },
    {
      "mode": "managed",
      "type": "azurerm_network_security_rule",
      "name": "terra-dev-rule",
      "provider": "provider[\"registry.terraform.io/hashicorp/azurerm\"]",
      "instances": [
        {
          "schema_version": 0,
          "attributes": {
            "access": "Allow",
            "description": "",
            "destination_address_prefix": "*",
            "destination_address_prefixes": [],
            "destination_application_security_group_ids": [],
            "destination_port_range": "*",
            "destination_port_ranges": [],
            "direction": "Inbound",
            "id": "/subscriptions/5318fb40-710c-411c-bd3a-86387d128c27/resourceGroups/terra-rg/providers/Microsoft.Network/networkSecurityGroups/terra-sg/securityRules/terra-dev-rule",
            "name": "terra-dev-rule",
            "network_security_group_name": "terra-sg",
            "priority": 100,
            "protocol": "Tcp",
            "resource_group_name": "terra-rg",
            "source_address_prefix": "*",
            "source_address_prefixes": [],
            "source_application_security_group_ids": [],
            "source_port_range": "*",
            "source_port_ranges": [],
            "timeouts": null
          },
          "sensitive_attributes": [],
          "private": "eyJlMmJmYjczMC1lY2FhLTExZTYtOGY4OC0zNDM2M2JjN2M0YzAiOnsiY3JlYXRlIjoxODAwMDAwMDAwMDAwLCJkZWxldGUiOjE4MDAwMDAwMDAwMDAsInJlYWQiOjMwMDAwMDAwMDAwMCwidXBkYXRlIjoxODAwMDAwMDAwMDAwfX0=",
          "dependencies": [
            "azurerm_network_security_group.terra-sg",
            "azurerm_resource_group.terra-rg"
          ]
        }
      ]
    },
    {
      "mode": "managed",
      "type": "azurerm_public_ip",
      "name": "terra-ip",
      "provider": "provider[\"registry.terraform.io/hashicorp/azurerm\"]",
      "instances": [
        {
          "schema_version": 0,
          "attributes": {
            "allocation_method": "Dynamic",
            "domain_name_label": null,
            "edge_zone": "",
            "fqdn": null,
            "id": "/subscriptions/5318fb40-710c-411c-bd3a-86387d128c27/resourceGroups/terra-rg/providers/Microsoft.Network/publicIPAddresses/terra-ip",
            "idle_timeout_in_minutes": 4,
            "ip_address": "20.89.130.214",
            "ip_tags": {},
            "ip_version": "IPv4",
            "location": "japaneast",
            "name": "terra-ip",
            "public_ip_prefix_id": null,
            "resource_group_name": "terra-rg",
            "reverse_fqdn": null,
            "sku": "Basic",
            "sku_tier": "Regional",
            "tags": {
              "environment": "dev"
            },
            "timeouts": null,
            "zones": []
          },
          "sensitive_attributes": [],
          "private": "eyJlMmJmYjczMC1lY2FhLTExZTYtOGY4OC0zNDM2M2JjN2M0YzAiOnsiY3JlYXRlIjoxODAwMDAwMDAwMDAwLCJkZWxldGUiOjE4MDAwMDAwMDAwMDAsInJlYWQiOjMwMDAwMDAwMDAwMCwidXBkYXRlIjoxODAwMDAwMDAwMDAwfX0=",
          "dependencies": [
            "azurerm_resource_group.terra-rg"
          ]
        }
      ]
    },
    {
      "mode": "managed",
      "type": "azurerm_resource_group",
      "name": "terra-rg",
      "provider": "provider[\"registry.terraform.io/hashicorp/azurerm\"]",
      "instances": [
        {
          "schema_version": 0,
          "attributes": {
            "id": "/subscriptions/5318fb40-710c-411c-bd3a-86387d128c27/resourceGroups/terra-rg",
            "location": "japaneast",
            "name": "terra-rg",
            "tags": {
              "environment": "dev"
            },
            "timeouts": null
          },
          "sensitive_attributes": [],
          "private": "eyJlMmJmYjczMC1lY2FhLTExZTYtOGY4OC0zNDM2M2JjN2M0YzAiOnsiY3JlYXRlIjo1NDAwMDAwMDAwMDAwLCJkZWxldGUiOjU0MDAwMDAwMDAwMDAsInJlYWQiOjMwMDAwMDAwMDAwMCwidXBkYXRlIjo1NDAwMDAwMDAwMDAwfX0="
        }
      ]
    },
    {
      "mode": "managed",
      "type": "azurerm_subnet",
      "name": "terra-subnet",
      "provider": "provider[\"registry.terraform.io/hashicorp/azurerm\"]",
      "instances": [
        {
          "schema_version": 0,
          "attributes": {
            "address_prefixes": [
              "10.123.1.0/24"
            ],
            "delegation": [],
            "enforce_private_link_endpoint_network_policies": false,
            "enforce_private_link_service_network_policies": false,
            "id": "/subscriptions/5318fb40-710c-411c-bd3a-86387d128c27/resourceGroups/terra-rg/providers/Microsoft.Network/virtualNetworks/terra-vn/subnets/terra-subnet",
            "name": "terra-subnet",
            "resource_group_name": "terra-rg",
            "service_endpoint_policy_ids": [],
            "service_endpoints": [],
            "timeouts": null,
            "virtual_network_name": "terra-vn"
          },
          "sensitive_attributes": [],
          "private": "eyJlMmJmYjczMC1lY2FhLTExZTYtOGY4OC0zNDM2M2JjN2M0YzAiOnsiY3JlYXRlIjoxODAwMDAwMDAwMDAwLCJkZWxldGUiOjE4MDAwMDAwMDAwMDAsInJlYWQiOjMwMDAwMDAwMDAwMCwidXBkYXRlIjoxODAwMDAwMDAwMDAwfX0=",
          "dependencies": [
            "azurerm_resource_group.terra-rg",
            "azurerm_virtual_network.terra-vn"
          ]
        }
      ]
    },
    {
      "mode": "managed",
      "type": "azurerm_subnet_network_security_group_association",
      "name": "terra-sga",
      "provider": "provider[\"registry.terraform.io/hashicorp/azurerm\"]",
      "instances": [
        {
          "schema_version": 0,
          "attributes": {
            "id": "/subscriptions/5318fb40-710c-411c-bd3a-86387d128c27/resourceGroups/terra-rg/providers/Microsoft.Network/virtualNetworks/terra-vn/subnets/terra-subnet",
            "network_security_group_id": "/subscriptions/5318fb40-710c-411c-bd3a-86387d128c27/resourceGroups/terra-rg/providers/Microsoft.Network/networkSecurityGroups/terra-sg",
            "subnet_id": "/subscriptions/5318fb40-710c-411c-bd3a-86387d128c27/resourceGroups/terra-rg/providers/Microsoft.Network/virtualNetworks/terra-vn/subnets/terra-subnet",
            "timeouts": null
          },
          "sensitive_attributes": [],
          "private": "eyJlMmJmYjczMC1lY2FhLTExZTYtOGY4OC0zNDM2M2JjN2M0YzAiOnsiY3JlYXRlIjoxODAwMDAwMDAwMDAwLCJkZWxldGUiOjE4MDAwMDAwMDAwMDAsInJlYWQiOjMwMDAwMDAwMDAwMCwidXBkYXRlIjoxODAwMDAwMDAwMDAwfX0=",
          "dependencies": [
            "azurerm_network_security_group.terra-sg",
            "azurerm_resource_group.terra-rg",
            "azurerm_subnet.terra-subnet",
            "azurerm_virtual_network.terra-vn"
          ]
        }
      ]
    },
    {
      "mode": "managed",
      "type": "azurerm_virtual_network",
      "name": "terra-vn",
      "provider": "provider[\"registry.terraform.io/hashicorp/azurerm\"]",
      "instances": [
        {
          "schema_version": 0,
          "attributes": {
            "address_space": [
              "10.123.0.0/16"
            ],
            "bgp_community": "",
            "ddos_protection_plan": [],
            "dns_servers": [],
            "edge_zone": "",
            "flow_timeout_in_minutes": 0,
            "guid": "3edd9062-823b-45ea-93a8-e9d0e52a0d15",
            "id": "/subscriptions/5318fb40-710c-411c-bd3a-86387d128c27/resourceGroups/terra-rg/providers/Microsoft.Network/virtualNetworks/terra-vn",
            "location": "japaneast",
            "name": "terra-vn",
            "resource_group_name": "terra-rg",
            "subnet": [
              {
                "address_prefix": "10.123.1.0/24",
                "id": "/subscriptions/5318fb40-710c-411c-bd3a-86387d128c27/resourceGroups/terra-rg/providers/Microsoft.Network/virtualNetworks/terra-vn/subnets/terra-subnet",
                "name": "terra-subnet",
                "security_group": "/subscriptions/5318fb40-710c-411c-bd3a-86387d128c27/resourceGroups/terra-rg/providers/Microsoft.Network/networkSecurityGroups/terra-sg"
              }
            ],
            "tags": {
              "environment": "dev"
            },
            "timeouts": null
          },
          "sensitive_attributes": [],
          "private": "eyJlMmJmYjczMC1lY2FhLTExZTYtOGY4OC0zNDM2M2JjN2M0YzAiOnsiY3JlYXRlIjoxODAwMDAwMDAwMDAwLCJkZWxldGUiOjE4MDAwMDAwMDAwMDAsInJlYWQiOjMwMDAwMDAwMDAwMCwidXBkYXRlIjoxODAwMDAwMDAwMDAwfX0=",
          "dependencies": [
            "azurerm_resource_group.terra-rg"
          ]
        }
      ]
    }
  ],
  "check_results": null
}
